Microsoft Visual Studio Solution File, Format Version 12.00
# Visual Studio Version 17
VisualStudioVersion = 17.5.2.0
MinimumVisualStudioVersion = 10.0.40219.1
Project("{FAE04EC0-301F-11D3-BF4B-00C04F79EFBC}") = "Online Quiz App", "Online Quiz App.csproj", "{8E68AF9C-4B68-AB7F-609D-45272E01BA2B}"
EndProject
Global
	GlobalSection(SolutionConfigurationPlatforms) = preSolution
		Debug|Any CPU = Debug|Any CPU
		Release|Any CPU = Release|Any CPU
	EndGlobalSection
	GlobalSection(ProjectConfigurationPlatforms) = postSolution
		{8E68AF9C-4B68-AB7F-609D-45272E01BA2B}.Debug|Any CPU.ActiveCfg = Debug|Any CPU
		{8E68AF9C-4B68-AB7F-609D-45272E01BA2B}.Debug|Any CPU.Build.0 = Debug|Any CPU
		{8E68AF9C-4B68-AB7F-609D-45272E01BA2B}.Release|Any CPU.ActiveCfg = Release|Any CPU
		{8E68AF9C-4B68-AB7F-609D-45272E01BA2B}.Release|Any CPU.Build.0 = Release|Any CPU
	EndGlobalSection
	GlobalSection(SolutionProperties) = preSolution
		HideSolutionNode = FALSE
	EndGlobalSection
	GlobalSection(ExtensibilityGlobals) = postSolution
		SolutionGuid = {838271E2-4D08-40C2-ABAF-D8B25A6FD3ED}
	EndGlobalSection
EndGlobal
